// !$*UTF8*$!
{
	archiveVersion = 1;
	classes = {
	};
	objectVersion = 50;
	objects = {

/* Begin PBXBuildFile section */
		4B8461D3BE8DE3BA9C8D39FA /* Pods_ShowsTests.framework in Frameworks */ = {isa = PBXBuildFile; fileRef = 429A43C54871FB9407B94DF1 /* Pods_ShowsTests.framework */; };
		57051F590B20FF39816D9BE0 /* Pods_Shows.framework in Frameworks */ = {isa = PBXBuildFile; fileRef = 12B6F05C0544371EA7944424 /* Pods_Shows.framework */; };
		BEAD81A12153358300085B33 /* SHWEpisodesViewController.swift in Sources */ = {isa = PBXBuildFile; fileRef = BEAD819F2153358300085B33 /* SHWEpisodesViewController.swift */; };
		BEAD81A22153358300085B33 /* SHWEpisodesViewController.xib in Resources */ = {isa = PBXBuildFile; fileRef = BEAD81A02153358300085B33 /* SHWEpisodesViewController.xib */; };
		BEAD81A42153384B00085B33 /* SHWEpisode.swift in Sources */ = {isa = PBXBuildFile; fileRef = BEAD81A32153384B00085B33 /* SHWEpisode.swift */; };
		BEAD81A62153389300085B33 /* SHWImage.swift in Sources */ = {isa = PBXBuildFile; fileRef = BEAD81A52153389300085B33 /* SHWImage.swift */; };
		BEAD81A82153477D00085B33 /* SHWDataManager.swift in Sources */ = {isa = PBXBuildFile; fileRef = BEAD81A72153477D00085B33 /* SHWDataManager.swift */; };
		BEAD81AC21534CCE00085B33 /* SHWFavoritesViewController.swift in Sources */ = {isa = PBXBuildFile; fileRef = BEAD81AA21534CCE00085B33 /* SHWFavoritesViewController.swift */; };
		BEAD81AD21534CCF00085B33 /* SHWFavoritesViewController.xib in Resources */ = {isa = PBXBuildFile; fileRef = BEAD81AB21534CCE00085B33 /* SHWFavoritesViewController.xib */; };
		BEBD95492151E32500F7CBE1 /* AppDelegate.swift in Sources */ = {isa = PBXBuildFile; fileRef = BEBD95482151E32500F7CBE1 /* AppDelegate.swift */; };
		BEBD95532151E32700F7CBE1 /* Assets.xcassets in Resources */ = {isa = PBXBuildFile; fileRef = BEBD95522151E32700F7CBE1 /* Assets.xcassets */; };
		BEBD95562151E32700F7CBE1 /* LaunchScreen.storyboard in Resources */ = {isa = PBXBuildFile; fileRef = BEBD95542151E32700F7CBE1 /* LaunchScreen.storyboard */; };
		BEBD95612151E32700F7CBE1 /* ShowsTests.swift in Sources */ = {isa = PBXBuildFile; fileRef = BEBD95602151E32700F7CBE1 /* ShowsTests.swift */; };
		BEBD95712151E3C800F7CBE1 /* LLNetworkManager.swift in Sources */ = {isa = PBXBuildFile; fileRef = BEBD95702151E3C800F7CBE1 /* LLNetworkManager.swift */; };
		BEBD95732151E46700F7CBE1 /* SHWNetworking.swift in Sources */ = {isa = PBXBuildFile; fileRef = BEBD95722151E46700F7CBE1 /* SHWNetworking.swift */; };
		BEBD95762151E9AC00F7CBE1 /* SHWShow.swift in Sources */ = {isa = PBXBuildFile; fileRef = BEBD95752151E9AC00F7CBE1 /* SHWShow.swift */; };
		BEBD95792151ECFE00F7CBE1 /* SHWSearchShowsViewController.swift in Sources */ = {isa = PBXBuildFile; fileRef = BEBD95772151ECFE00F7CBE1 /* SHWSearchShowsViewController.swift */; };
		BEBD957A2151ECFE00F7CBE1 /* SHWSearchShowsViewController.xib in Resources */ = {isa = PBXBuildFile; fileRef = BEBD95782151ECFE00F7CBE1 /* SHWSearchShowsViewController.xib */; };
/* End PBXBuildFile section */

/* Begin PBXContainerItemProxy section */
		BEBD955D2151E32700F7CBE1 /* PBXContainerItemProxy */ = {
			isa = PBXContainerItemProxy;
			containerPortal = BEBD953D2151E32500F7CBE1 /* Project object */;
			proxyType = 1;
			remoteGlobalIDString = BEBD95442151E32500F7CBE1;
			remoteInfo = Shows;
		};
/* End PBXContainerItemProxy section */

/* Begin PBXFileReference section */
		12B6F05C0544371EA7944424 /* Pods_Shows.framework */ = {isa = PBXFileReference; explicitFileType = wrapper.framework; includeInIndex = 0; path = Pods_Shows.framework; sourceTree = BUILT_PRODUCTS_DIR; };
		373B46D09F770F8C9FC7967B /* Pods-Shows.debug.xcconfig */ = {isa = PBXFileReference; includeInIndex = 1; lastKnownFileType = text.xcconfig; name = "Pods-Shows.debug.xcconfig"; path = "Pods/Target Support Files/Pods-Shows/Pods-Shows.debug.xcconfig"; sourceTree = "<group>"; };
		429A43C54871FB9407B94DF1 /* Pods_ShowsTests.framework */ = {isa = PBXFileReference; explicitFileType = wrapper.framework; includeInIndex = 0; path = Pods_ShowsTests.framework; sourceTree = BUILT_PRODUCTS_DIR; };
		5E15B224ED5C7AD834698FE4 /* Pods-ShowsTests.debug.xcconfig */ = {isa = PBXFileReference; includeInIndex = 1; lastKnownFileType = text.xcconfig; name = "Pods-ShowsTests.debug.xcconfig"; path = "Pods/Target Support Files/Pods-ShowsTests/Pods-ShowsTests.debug.xcconfig"; sourceTree = "<group>"; };
		BEAD819F2153358300085B33 /* SHWEpisodesViewController.swift */ = {isa = PBXFileReference; lastKnownFileType = sourcecode.swift; path = SHWEpisodesViewController.swift; sourceTree = "<group>"; };
		BEAD81A02153358300085B33 /* SHWEpisodesViewController.xib */ = {isa = PBXFileReference; lastKnownFileType = file.xib; path = SHWEpisodesViewController.xib; sourceTree = "<group>"; };
		BEAD81A32153384B00085B33 /* SHWEpisode.swift */ = {isa = PBXFileReference; lastKnownFileType = sourcecode.swift; path = SHWEpisode.swift; sourceTree = "<group>"; };
		BEAD81A52153389300085B33 /* SHWImage.swift */ = {isa = PBXFileReference; lastKnownFileType = sourcecode.swift; path = SHWImage.swift; sourceTree = "<group>"; };
		BEAD81A72153477D00085B33 /* SHWDataManager.swift */ = {isa = PBXFileReference; lastKnownFileType = sourcecode.swift; path = SHWDataManager.swift; sourceTree = "<group>"; };
		BEAD81AA21534CCE00085B33 /* SHWFavoritesViewController.swift */ = {isa = PBXFileReference; lastKnownFileType = sourcecode.swift; path = SHWFavoritesViewController.swift; sourceTree = "<group>"; };
		BEAD81AB21534CCE00085B33 /* SHWFavoritesViewController.xib */ = {isa = PBXFileReference; lastKnownFileType = file.xib; path = SHWFavoritesViewController.xib; sourceTree = "<group>"; };
		BEBD95452151E32500F7CBE1 /* Shows.app */ = {isa = PBXFileReference; explicitFileType = wrapper.application; includeInIndex = 0; path = Shows.app; sourceTree = BUILT_PRODUCTS_DIR; };
		BEBD95482151E32500F7CBE1 /* AppDelegate.swift */ = {isa = PBXFileReference; lastKnownFileType = sourcecode.swift; path = AppDelegate.swift; sourceTree = "<group>"; };
		BEBD95522151E32700F7CBE1 /* Assets.xcassets */ = {isa = PBXFileReference; lastKnownFileType = folder.assetcatalog; path = Assets.xcassets; sourceTree = "<group>"; };
		BEBD95552151E32700F7CBE1 /* Base */ = {isa = PBXFileReference; lastKnownFileType = file.storyboard; name = Base; path = Base.lproj/LaunchScreen.storyboard; sourceTree = "<group>"; };
		BEBD95572151E32700F7CBE1 /* Info.plist */ = {isa = PBXFileReference; lastKnownFileType = text.plist.xml; path = Info.plist; sourceTree = "<group>"; };
		BEBD955C2151E32700F7CBE1 /* ShowsTests.xctest */ = {isa = PBXFileReference; explicitFileType = wrapper.cfbundle; includeInIndex = 0; path = ShowsTests.xctest; sourceTree = BUILT_PRODUCTS_DIR; };
		BEBD95602151E32700F7CBE1 /* ShowsTests.swift */ = {isa = PBXFileReference; lastKnownFileType = sourcecode.swift; path = ShowsTests.swift; sourceTree = "<group>"; };
		BEBD95622151E32700F7CBE1 /* Info.plist */ = {isa = PBXFileReference; lastKnownFileType = text.plist.xml; path = Info.plist; sourceTree = "<group>"; };
		BEBD95702151E3C800F7CBE1 /* LLNetworkManager.swift */ = {isa = PBXFileReference; lastKnownFileType = sourcecode.swift; path = LLNetworkManager.swift; sourceTree = "<group>"; };
		BEBD95722151E46700F7CBE1 /* SHWNetworking.swift */ = {isa = PBXFileReference; lastKnownFileType = sourcecode.swift; path = SHWNetworking.swift; sourceTree = "<group>"; };
		BEBD95752151E9AC00F7CBE1 /* SHWShow.swift */ = {isa = PBXFileReference; lastKnownFileType = sourcecode.swift; path = SHWShow.swift; sourceTree = "<group>"; };
		BEBD95772151ECFE00F7CBE1 /* SHWSearchShowsViewController.swift */ = {isa = PBXFileReference; lastKnownFileType = sourcecode.swift; path = SHWSearchShowsViewController.swift; sourceTree = "<group>"; };
		BEBD95782151ECFE00F7CBE1 /* SHWSearchShowsViewController.xib */ = {isa = PBXFileReference; lastKnownFileType = file.xib; path = SHWSearchShowsViewController.xib; sourceTree = "<group>"; };
		C8A0781811DCBA98115CA2D4 /* Pods-ShowsTests.release.xcconfig */ = {isa = PBXFileReference; includeInIndex = 1; lastKnownFileType = text.xcconfig; name = "Pods-ShowsTests.release.xcconfig"; path = "Pods/Target Support Files/Pods-ShowsTests/Pods-ShowsTests.release.xcconfig"; sourceTree = "<group>"; };
		EC78D0D0FE65764CC7F80CA6 /* Pods-Shows.release.xcconfig */ = {isa = PBXFileReference; includeInIndex = 1; lastKnownFileType = text.xcconfig; name = "Pods-Shows.release.xcconfig"; path = "Pods/Target Support Files/Pods-Shows/Pods-Shows.release.xcconfig"; sourceTree = "<group>"; };
/* End PBXFileReference section */

/* Begin PBXFrameworksBuildPhase section */
		BEBD95422151E32500F7CBE1 /* Frameworks */ = {
			isa = PBXFrameworksBuildPhase;
			buildActionMask = 2147483647;
			files = (
				57051F590B20FF39816D9BE0 /* Pods_Shows.framework in Frameworks */,
			);
			runOnlyForDeploymentPostprocessing = 0;
		};
		BEBD95592151E32700F7CBE1 /* Frameworks */ = {
			isa = PBXFrameworksBuildPhase;
			buildActionMask = 2147483647;
			files = (
				4B8461D3BE8DE3BA9C8D39FA /* Pods_ShowsTests.framework in Frameworks */,
			);
			runOnlyForDeploymentPostprocessing = 0;
		};
/* End PBXFrameworksBuildPhase section */

/* Begin PBXGroup section */
		489D698C99AD9064033D0D68 /* Pods */ = {
			isa = PBXGroup;
			children = (
				373B46D09F770F8C9FC7967B /* Pods-Shows.debug.xcconfig */,
				EC78D0D0FE65764CC7F80CA6 /* Pods-Shows.release.xcconfig */,
				5E15B224ED5C7AD834698FE4 /* Pods-ShowsTests.debug.xcconfig */,
				C8A0781811DCBA98115CA2D4 /* Pods-ShowsTests.release.xcconfig */,
			);
			name = Pods;
			sourceTree = "<group>";
		};
		BB1E6831141BE7719A00DAEC /* Frameworks */ = {
			isa = PBXGroup;
			children = (
				12B6F05C0544371EA7944424 /* Pods_Shows.framework */,
				429A43C54871FB9407B94DF1 /* Pods_ShowsTests.framework */,
			);
			name = Frameworks;
			sourceTree = "<group>";
		};
		BEAD819D2153356400085B33 /* Search Shows */ = {
			isa = PBXGroup;
			children = (
				BEBD95772151ECFE00F7CBE1 /* SHWSearchShowsViewController.swift */,
				BEBD95782151ECFE00F7CBE1 /* SHWSearchShowsViewController.xib */,
			);
			path = "Search Shows";
			sourceTree = "<group>";
		};
		BEAD819E2153356D00085B33 /* Show Schedule */ = {
			isa = PBXGroup;
			children = (
				BEAD819F2153358300085B33 /* SHWEpisodesViewController.swift */,
				BEAD81A02153358300085B33 /* SHWEpisodesViewController.xib */,
			);
			path = "Show Schedule";
			sourceTree = "<group>";
		};
		BEAD81A921534CBD00085B33 /* Favorites */ = {
			isa = PBXGroup;
			children = (
				BEAD81AA21534CCE00085B33 /* SHWFavoritesViewController.swift */,
				BEAD81AB21534CCE00085B33 /* SHWFavoritesViewController.xib */,
			);
			path = Favorites;
			sourceTree = "<group>";
		};
		BEBD953C2151E32500F7CBE1 = {
			isa = PBXGroup;
			children = (
				BEBD95472151E32500F7CBE1 /* Shows */,
				BEBD955F2151E32700F7CBE1 /* ShowsTests */,
				BEBD95462151E32500F7CBE1 /* Products */,
				489D698C99AD9064033D0D68 /* Pods */,
				BB1E6831141BE7719A00DAEC /* Frameworks */,
			);
			sourceTree = "<group>";
		};
		BEBD95462151E32500F7CBE1 /* Products */ = {
			isa = PBXGroup;
			children = (
				BEBD95452151E32500F7CBE1 /* Shows.app */,
				BEBD955C2151E32700F7CBE1 /* ShowsTests.xctest */,
			);
			name = Products;
			sourceTree = "<group>";
		};
		BEBD95472151E32500F7CBE1 /* Shows */ = {
			isa = PBXGroup;
			children = (
				BEBD956B2151E36400F7CBE1 /* AppDelegate */,
				BEBD956E2151E3A800F7CBE1 /* DataManager */,
				BEBD956F2151E3AF00F7CBE1 /* NetworkManager */,
				BEBD95742151E99500F7CBE1 /* Objects */,
				BEBD956D2151E37000F7CBE1 /* Support Files */,
				BEBD956C2151E36B00F7CBE1 /* View Controllers */,
			);
			path = Shows;
			sourceTree = "<group>";
		};
		BEBD955F2151E32700F7CBE1 /* ShowsTests */ = {
			isa = PBXGroup;
			children = (
				BEBD95602151E32700F7CBE1 /* ShowsTests.swift */,
				BEBD95622151E32700F7CBE1 /* Info.plist */,
			);
			path = ShowsTests;
			sourceTree = "<group>";
		};
		BEBD956B2151E36400F7CBE1 /* AppDelegate */ = {
			isa = PBXGroup;
			children = (
				BEBD95482151E32500F7CBE1 /* AppDelegate.swift */,
			);
			path = AppDelegate;
			sourceTree = "<group>";
		};
		BEBD956C2151E36B00F7CBE1 /* View Controllers */ = {
			isa = PBXGroup;
			children = (
				BEAD81A921534CBD00085B33 /* Favorites */,
				BEAD819E2153356D00085B33 /* Show Schedule */,
				BEAD819D2153356400085B33 /* Search Shows */,
			);
			path = "View Controllers";
			sourceTree = "<group>";
		};
		BEBD956D2151E37000F7CBE1 /* Support Files */ = {
			isa = PBXGroup;
			children = (
				BEBD95522151E32700F7CBE1 /* Assets.xcassets */,
				BEBD95542151E32700F7CBE1 /* LaunchScreen.storyboard */,
				BEBD95572151E32700F7CBE1 /* Info.plist */,
			);
			path = "Support Files";
			sourceTree = "<group>";
		};
		BEBD956E2151E3A800F7CBE1 /* DataManager */ = {
			isa = PBXGroup;
			children = (
				BEAD81A72153477D00085B33 /* SHWDataManager.swift */,
			);
			path = DataManager;
			sourceTree = "<group>";
		};
		BEBD956F2151E3AF00F7CBE1 /* NetworkManager */ = {
			isa = PBXGroup;
			children = (
				BEBD95702151E3C800F7CBE1 /* LLNetworkManager.swift */,
				BEBD95722151E46700F7CBE1 /* SHWNetworking.swift */,
			);
			path = NetworkManager;
			sourceTree = "<group>";
		};
		BEBD95742151E99500F7CBE1 /* Objects */ = {
			isa = PBXGroup;
			children = (
				BEBD95752151E9AC00F7CBE1 /* SHWShow.swift */,
				BEAD81A32153384B00085B33 /* SHWEpisode.swift */,
				BEAD81A52153389300085B33 /* SHWImage.swift */,
			);
			path = Objects;
			sourceTree = "<group>";
		};
/* End PBXGroup section */

/* Begin PBXNativeTarget section */
		BEBD95442151E32500F7CBE1 /* Shows */ = {
			isa = PBXNativeTarget;
			buildConfigurationList = BEBD95652151E32700F7CBE1 /* Build configuration list for PBXNativeTarget "Shows" */;
			buildPhases = (
				4531687686997786B56468B9 /* [CP] Check Pods Manifest.lock */,
				BEBD95412151E32500F7CBE1 /* Sources */,
				BEBD95422151E32500F7CBE1 /* Frameworks */,
				BEBD95432151E32500F7CBE1 /* Resources */,
				4C7BFF0FA0DF13820BED8A12 /* [CP] Embed Pods Frameworks */,
			);
			buildRules = (
			);
			dependencies = (
			);
			name = Shows;
			productName = Shows;
			productReference = BEBD95452151E32500F7CBE1 /* Shows.app */;
			productType = "com.apple.product-type.application";
		};
		BEBD955B2151E32700F7CBE1 /* ShowsTests */ = {
			isa = PBXNativeTarget;
			buildConfigurationList = BEBD95682151E32700F7CBE1 /* Build configuration list for PBXNativeTarget "ShowsTests" */;
			buildPhases = (
				F73209824DEBCDC411ED252B /* [CP] Check Pods Manifest.lock */,
				BEBD95582151E32700F7CBE1 /* Sources */,
				BEBD95592151E32700F7CBE1 /* Frameworks */,
				BEBD955A2151E32700F7CBE1 /* Resources */,
			);
			buildRules = (
			);
			dependencies = (
				BEBD955E2151E32700F7CBE1 /* PBXTargetDependency */,
			);
			name = ShowsTests;
			productName = ShowsTests;
			productReference = BEBD955C2151E32700F7CBE1 /* ShowsTests.xctest */;
			productType = "com.apple.product-type.bundle.unit-test";
		};
/* End PBXNativeTarget section */

/* Begin PBXProject section */
		BEBD953D2151E32500F7CBE1 /* Project object */ = {
			isa = PBXProject;
			attributes = {
				LastSwiftUpdateCheck = 0940;
				LastUpgradeCheck = 0940;
				ORGANIZATIONNAME = "Laoba Labs";
				TargetAttributes = {
					BEBD95442151E32500F7CBE1 = {
						CreatedOnToolsVersion = 9.4.1;
					};
					BEBD955B2151E32700F7CBE1 = {
						CreatedOnToolsVersion = 9.4.1;
						TestTargetID = BEBD95442151E32500F7CBE1;
					};
				};
			};
			buildConfigurationList = BEBD95402151E32500F7CBE1 /* Build configuration list for PBXProject "Shows" */;
			compatibilityVersion = "Xcode 9.3";
			developmentRegion = en;
			hasScannedForEncodings = 0;
			knownRegions = (
				en,
				Base,
			);
			mainGroup = BEBD953C2151E32500F7CBE1;
			productRefGroup = BEBD95462151E32500F7CBE1 /* Products */;
			projectDirPath = "";
			projectRoot = "";
			targets = (
				BEBD95442151E32500F7CBE1 /* Shows */,
				BEBD955B2151E32700F7CBE1 /* ShowsTests */,
			);
		};
/* End PBXProject section */

/* Begin PBXResourcesBuildPhase section */
		BEBD95432151E32500F7CBE1 /* Resources */ = {
			isa = PBXResourcesBuildPhase;
			buildActionMask = 2147483647;
			files = (
				BEBD95562151E32700F7CBE1 /* LaunchScreen.storyboard in Resources */,
				BEBD957A2151ECFE00F7CBE1 /* SHWSearchShowsViewController.xib in Resources */,
				BEAD81AD21534CCF00085B33 /* SHWFavoritesViewController.xib in Resources */,
				BEBD95532151E32700F7CBE1 /* Assets.xcassets in Resources */,
				BEAD81A22153358300085B33 /* SHWEpisodesViewController.xib in Resources */,
			);
			runOnlyForDeploymentPostprocessing = 0;
		};
		BEBD955A2151E32700F7CBE1 /* Resources */ = {
			isa = PBXResourcesBuildPhase;
			buildActionMask = 2147483647;
			files = (
			);
			runOnlyForDeploymentPostprocessing = 0;
		};
/* End PBXResourcesBuildPhase section */

/* Begin PBXShellScriptBuildPhase section */
		4531687686997786B56468B9 /* [CP] Check Pods Manifest.lock */ = {
			isa = PBXShellScriptBuildPhase;
			buildActionMask = 2147483647;
			files = (
			);
			inputPaths = (
				"${PODS_PODFILE_DIR_PATH}/Podfile.lock",
				"${PODS_ROOT}/Manifest.lock",
			);
			name = "[CP] Check Pods Manifest.lock";
			outputPaths = (
				"$(DERIVED_FILE_DIR)/Pods-Shows-checkManifestLockResult.txt",
			);
			runOnlyForDeploymentPostprocessing = 0;
			shellPath = /bin/sh;
			shellScript = "diff \"${PODS_PODFILE_DIR_PATH}/Podfile.lock\" \"${PODS_ROOT}/Manifest.lock\" > /dev/null\nif [ $? != 0 ] ; then\n    # print error to STDERR\n    echo \"error: The sandbox is not in sync with the Podfile.lock. Run 'pod install' or update your CocoaPods installation.\" >&2\n    exit 1\nfi\n# This output is used by Xcode 'outputs' to avoid re-running this script phase.\necho \"SUCCESS\" > \"${SCRIPT_OUTPUT_FILE_0}\"\n";
			showEnvVarsInLog = 0;
		};
		4C7BFF0FA0DF13820BED8A12 /* [CP] Embed Pods Frameworks */ = {
			isa = PBXShellScriptBuildPhase;
			buildActionMask = 2147483647;
			files = (
			);
			inputPaths = (
				"${SRCROOT}/Pods/Target Support Files/Pods-Shows/Pods-Shows-frameworks.sh",
				"${BUILT_PRODUCTS_DIR}/Alamofire/Alamofire.framework",
				"${BUILT_PRODUCTS_DIR}/AlamofireImage/AlamofireImage.framework",
				"${BUILT_PRODUCTS_DIR}/Disk/Disk.framework",
			);
			name = "[CP] Embed Pods Frameworks";
			outputPaths = (
				"${TARGET_BUILD_DIR}/${FRAMEWORKS_FOLDER_PATH}/Alamofire.framework",
				"${TARGET_BUILD_DIR}/${FRAMEWORKS_FOLDER_PATH}/AlamofireImage.framework",
				"${TARGET_BUILD_DIR}/${FRAMEWORKS_FOLDER_PATH}/Disk.framework",
			);
			runOnlyForDeploymentPostprocessing = 0;
			shellPath = /bin/sh;
			shellScript = "\"${SRCROOT}/Pods/Target Support Files/Pods-Shows/Pods-Shows-frameworks.sh\"\n";
			showEnvVarsInLog = 0;
		};
		F73209824DEBCDC411ED252B /* [CP] Check Pods Manifest.lock */ = {
			isa = PBXShellScriptBuildPhase;
			buildActionMask = 2147483647;
			files = (
			);
			inputPaths = (
				"${PODS_PODFILE_DIR_PATH}/Podfile.lock",
				"${PODS_ROOT}/Manifest.lock",
			);
			name = "[CP] Check Pods Manifest.lock";
			outputPaths = (
				"$(DERIVED_FILE_DIR)/Pods-ShowsTests-checkManifestLockResult.txt",
			);
			runOnlyForDeploymentPostprocessing = 0;
			shellPath = /bin/sh;
			shellScript = "diff \"${PODS_PODFILE_DIR_PATH}/Podfile.lock\" \"${PODS_ROOT}/Manifest.lock\" > /dev/null\nif [ $? != 0 ] ; then\n    # print error to STDERR\n    echo \"error: The sandbox is not in sync with the Podfile.lock. Run 'pod install' or update your CocoaPods installation.\" >&2\n    exit 1\nfi\n# This output is used by Xcode 'outputs' to avoid re-running this script phase.\necho \"SUCCESS\" > \"${SCRIPT_OUTPUT_FILE_0}\"\n";
			showEnvVarsInLog = 0;
		};
/* End PBXShellScriptBuildPhase section */

/* Begin PBXSourcesBuildPhase section */
		BEBD95412151E32500F7CBE1 /* Sources */ = {
			isa = PBXSourcesBuildPhase;
			buildActionMask = 2147483647;
			files = (
				BEBD95492151E32500F7CBE1 /* AppDelegate.swift in Sources */,
				BEAD81A82153477D00085B33 /* SHWDataManager.swift in Sources */,
				BEAD81A12153358300085B33 /* SHWEpisodesViewController.swift in Sources */,
				BEBD95792151ECFE00F7CBE1 /* SHWSearchShowsViewController.swift in Sources */,
				BEBD95712151E3C800F7CBE1 /* LLNetworkManager.swift in Sources */,
				BEBD95732151E46700F7CBE1 /* SHWNetworking.swift in Sources */,
				BEAD81AC21534CCE00085B33 /* SHWFavoritesViewController.swift in Sources */,
				BEAD81A42153384B00085B33 /* SHWEpisode.swift in Sources */,
				BEBD95762151E9AC00F7CBE1 /* SHWShow.swift in Sources */,
				BEAD81A62153389300085B33 /* SHWImage.swift in Sources */,
			);
			runOnlyForDeploymentPostprocessing = 0;
		};
		BEBD95582151E32700F7CBE1 /* Sources */ = {
			isa = PBXSourcesBuildPhase;
			buildActionMask = 2147483647;
			files = (
				BEBD95612151E32700F7CBE1 /* ShowsTests.swift in Sources */,
			);
			runOnlyForDeploymentPostprocessing = 0;
		};
/* End PBXSourcesBuildPhase section */

/* Begin PBXTargetDependency section */
		BEBD955E2151E32700F7CBE1 /* PBXTargetDependency */ = {
			isa = PBXTargetDependency;
			target = BEBD95442151E32500F7CBE1 /* Shows */;
			targetProxy = BEBD955D2151E32700F7CBE1 /* PBXContainerItemProxy */;
		};
/* End PBXTargetDependency section */

/* Begin PBXVariantGroup section */
		BEBD95542151E32700F7CBE1 /* LaunchScreen.storyboard */ = {
			isa = PBXVariantGroup;
			children = (
				BEBD95552151E32700F7CBE1 /* Base */,
			);
			name = LaunchScreen.storyboard;
			sourceTree = "<group>";
		};
/* End PBXVariantGroup section */

/* Begin XCBuildConfiguration section */
		BEBD95632151E32700F7CBE1 /* Debug */ = {
			isa = XCBuildConfiguration;
			buildSettings = {
				ALWAYS_SEARCH_USER_PATHS = NO;
				CLANG_ANALYZER_NONNULL = YES;
				CLANG_ANALYZER_NUMBER_OBJECT_CONVERSION = YES_AGGRESSIVE;
				CLANG_CXX_LANGUAGE_STANDARD = "gnu++14";
				CLANG_CXX_LIBRARY = "libc++";
				CLANG_ENABLE_MODULES = YES;
				CLANG_ENABLE_OBJC_ARC = YES;
				CLANG_ENABLE_OBJC_WEAK = YES;
				CLANG_WARN_BLOCK_CAPTURE_AUTORELEASING = YES;
				CLANG_WARN_BOOL_CONVERSION = YES;
				CLANG_WARN_COMMA = YES;
				CLANG_WARN_CONSTANT_CONVERSION = YES;
				CLANG_WARN_DEPRECATED_OBJC_IMPLEMENTATIONS = YES;
				CLANG_WARN_DIRECT_OBJC_ISA_USAGE = YES_ERROR;
				CLANG_WARN_DOCUMENTATION_COMMENTS = YES;
				CLANG_WARN_EMPTY_BODY = YES;
				CLANG_WARN_ENUM_CONVERSION = YES;
				CLANG_WARN_INFINITE_RECURSION = YES;
				CLANG_WARN_INT_CONVERSION = YES;
				CLANG_WARN_NON_LITERAL_NULL_CONVERSION = YES;
				CLANG_WARN_OBJC_IMPLICIT_RETAIN_SELF = YES;
				CLANG_WARN_OBJC_LITERAL_CONVERSION = YES;
				CLANG_WARN_OBJC_ROOT_CLASS = YES_ERROR;
				CLANG_WARN_RANGE_LOOP_ANALYSIS = YES;
				CLANG_WARN_STRICT_PROTOTYPES = YES;
				CLANG_WARN_SUSPICIOUS_MOVE = YES;
				CLANG_WARN_UNGUARDED_AVAILABILITY = YES_AGGRESSIVE;
				CLANG_WARN_UNREACHABLE_CODE = YES;
				CLANG_WARN__DUPLICATE_METHOD_MATCH = YES;
				CODE_SIGN_IDENTITY = "iPhone Developer";
				COPY_PHASE_STRIP = NO;
				DEBUG_INFORMATION_FORMAT = dwarf;
				ENABLE_STRICT_OBJC_MSGSEND = YES;
				ENABLE_TESTABILITY = YES;
				GCC_C_LANGUAGE_STANDARD = gnu11;
				GCC_DYNAMIC_NO_PIC = NO;
				GCC_NO_COMMON_BLOCKS = YES;
				GCC_OPTIMIZATION_LEVEL = 0;
				GCC_PREPROCESSOR_DEFINITIONS = (
					"DEBUG=1",
					"$(inherited)",
				);
				GCC_WARN_64_TO_32_BIT_CONVERSION = YES;
				GCC_WARN_ABOUT_RETURN_TYPE = YES_ERROR;
				GCC_WARN_UNDECLARED_SELECTOR = YES;
				GCC_WARN_UNINITIALIZED_AUTOS = YES_AGGRESSIVE;
				GCC_WARN_UNUSED_FUNCTION = YES;
				GCC_WARN_UNUSED_VARIABLE = YES;
				IPHONEOS_DEPLOYMENT_TARGET = 11.4;
				MTL_ENABLE_DEBUG_INFO = YES;
				ONLY_ACTIVE_ARCH = YES;
				SDKROOT = iphoneos;
				SWIFT_ACTIVE_COMPILATION_CONDITIONS = DEBUG;
				SWIFT_OPTIMIZATION_LEVEL = "-Onone";
			};
			name = Debug;
		};
		BEBD95642151E32700F7CBE1 /* Release */ = {
			isa = XCBuildConfiguration;
			buildSettings = {
				ALWAYS_SEARCH_USER_PATHS = NO;
				CLANG_ANALYZER_NONNULL = YES;
				CLANG_ANALYZER_NUMBER_OBJECT_CONVERSION = YES_AGGRESSIVE;
				CLANG_CXX_LANGUAGE_STANDARD = "gnu++14";
				CLANG_CXX_LIBRARY = "libc++";
				CLANG_ENABLE_MODULES = YES;
				CLANG_ENABLE_OBJC_ARC = YES;
				CLANG_ENABLE_OBJC_WEAK = YES;
				CLANG_WARN_BLOCK_CAPTURE_AUTORELEASING = YES;
				CLANG_WARN_BOOL_CONVERSION = YES;
				CLANG_WARN_COMMA = YES;
				CLANG_WARN_CONSTANT_CONVERSION = YES;
				CLANG_WARN_DEPRECATED_OBJC_IMPLEMENTATIONS = YES;
				CLANG_WARN_DIRECT_OBJC_ISA_USAGE = YES_ERROR;
				CLANG_WARN_DOCUMENTATION_COMMENTS = YES;
				CLANG_WARN_EMPTY_BODY = YES;
				CLANG_WARN_ENUM_CONVERSION = YES;
				CLANG_WARN_INFINITE_RECURSION = YES;
				CLANG_WARN_INT_CONVERSION = YES;
				CLANG_WARN_NON_LITERAL_NULL_CONVERSION = YES;
				CLANG_WARN_OBJC_IMPLICIT_RETAIN_SELF = YES;
				CLANG_WARN_OBJC_LITERAL_CONVERSION = YES;
				CLANG_WARN_OBJC_ROOT_CLASS = YES_ERROR;
				CLANG_WARN_RANGE_LOOP_ANALYSIS = YES;
				CLANG_WARN_STRICT_PROTOTYPES = YES;
				CLANG_WARN_SUSPICIOUS_MOVE = YES;
				CLANG_WARN_UNGUARDED_AVAILABILITY = YES_AGGRESSIVE;
				CLANG_WARN_UNREACHABLE_CODE = YES;
				CLANG_WARN__DUPLICATE_METHOD_MATCH = YES;
				CODE_SIGN_IDENTITY = "iPhone Developer";
				COPY_PHASE_STRIP = NO;
				DEBUG_INFORMATION_FORMAT = "dwarf-with-dsym";
				ENABLE_NS_ASSERTIONS = NO;
				ENABLE_STRICT_OBJC_MSGSEND = YES;
				GCC_C_LANGUAGE_STANDARD = gnu11;
				GCC_NO_COMMON_BLOCKS = YES;
				GCC_WARN_64_TO_32_BIT_CONVERSION = YES;
				GCC_WARN_ABOUT_RETURN_TYPE = YES_ERROR;
				GCC_WARN_UNDECLARED_SELECTOR = YES;
				GCC_WARN_UNINITIALIZED_AUTOS = YES_AGGRESSIVE;
				GCC_WARN_UNUSED_FUNCTION = YES;
				GCC_WARN_UNUSED_VARIABLE = YES;
				IPHONEOS_DEPLOYMENT_TARGET = 11.4;
				MTL_ENABLE_DEBUG_INFO = NO;
				SDKROOT = iphoneos;
				SWIFT_COMPILATION_MODE = wholemodule;
				SWIFT_OPTIMIZATION_LEVEL = "-O";
				VALIDATE_PRODUCT = YES;
			};
			name = Release;
		};
		BEBD95662151E32700F7CBE1 /* Debug */ = {
			isa = XCBuildConfiguration;
			baseConfigurationReference = 373B46D09F770F8C9FC7967B /* Pods-Shows.debug.xcconfig */;
			buildSettings = {
				ASSETCATALOG_COMPILER_APPICON_NAME = AppIcon;
				CODE_SIGN_STYLE = Automatic;
				DEVELOPMENT_TEAM = 95FQZ6MNT2;
				INFOPLIST_FILE = "$(SRCROOT)/Shows/Support Files/Info.plist";
				LD_RUNPATH_SEARCH_PATHS = (
					"$(inherited)",
					"@executable_path/Frameworks",
				);
				PRODUCT_BUNDLE_IDENTIFIER = com.laobalabs.Shows;
				PRODUCT_NAME = "$(TARGET_NAME)";
				SWIFT_VERSION = 4.0;
				TARGETED_DEVICE_FAMILY = "1,2";
			};
			name = Debug;
		};
		BEBD95672151E32700F7CBE1 /* Release */ = {
			isa = XCBuildConfiguration;
			baseConfigurationReference = EC78D0D0FE65764CC7F80CA6 /* Pods-Shows.release.xcconfig */;
			buildSettings = {
				ASSETCATALOG_COMPILER_APPICON_NAME = AppIcon;
				CODE_SIGN_STYLE = Automatic;
				DEVELOPMENT_TEAM = 95FQZ6MNT2;
				INFOPLIST_FILE = "$(SRCROOT)/Shows/Support Files/Info.plist";
				LD_RUNPATH_SEARCH_PATHS = (
					"$(inherited)",
					"@executable_path/Frameworks",
				);
				PRODUCT_BUNDLE_IDENTIFIER = com.laobalabs.Shows;
				PRODUCT_NAME = "$(TARGET_NAME)";
				SWIFT_VERSION = 4.0;
				TARGETED_DEVICE_FAMILY = "1,2";
			};
			name = Release;
		};
		BEBD95692151E32700F7CBE1 /* Debug */ = {
			isa = XCBuildConfiguration;
			baseConfigurationReference = 5E15B224ED5C7AD834698FE4 /* Pods-ShowsTests.debug.xcconfig */;
			buildSettings = {
				ALWAYS_EMBED_SWIFT_STANDARD_LIBRARIES = YES;
				BUNDLE_LOADER = "$(TEST_HOST)";
				CODE_SIGN_STYLE = Automatic;
				DEVELOPMENT_TEAM = 95FQZ6MNT2;
				INFOPLIST_FILE = ShowsTests/Info.plist;
				LD_RUNPATH_SEARCH_PATHS = (
					"$(inherited)",
					"@executable_path/Frameworks",
					"@loader_path/Frameworks",
				);
				PRODUCT_BUNDLE_IDENTIFIER = com.laobalabs.ShowsTests;
				PRODUCT_NAME = "$(TARGET_NAME)";
				SWIFT_VERSION = 4.0;
				TARGETED_DEVICE_FAMILY = "1,2";
				TEST_HOST = "$(BUILT_PRODUCTS_DIR)/Shows.app/Shows";
			};
			name = Debug;
		};
		BEBD956A2151E32700F7CBE1 /* Release */ = {
			isa = XCBuildConfiguration;
			baseConfigurationReference = C8A0781811DCBA98115CA2D4 /* Pods-ShowsTests.release.xcconfig */;
			buildSettings = {
				ALWAYS_EMBED_SWIFT_STANDARD_LIBRARIES = YES;
				BUNDLE_LOADER = "$(TEST_HOST)";
				CODE_SIGN_STYLE = Automatic;
				DEVELOPMENT_TEAM = 95FQZ6MNT2;
				INFOPLIST_FILE = ShowsTests/Info.plist;
				LD_RUNPATH_SEARCH_PATHS = (
					"$(inherited)",
					"@executable_path/Frameworks",
					"@loader_path/Frameworks",
				);
				PRODUCT_BUNDLE_IDENTIFIER = com.laobalabs.ShowsTests;
				PRODUCT_NAME = "$(TARGET_NAME)";
				SWIFT_VERSION = 4.0;
				TARGETED_DEVICE_FAMILY = "1,2";
				TEST_HOST = "$(BUILT_PRODUCTS_DIR)/Shows.app/Shows";
			};
			name = Release;
		};
/* End XCBuildConfiguration section */

/* Begin XCConfigurationList section */
		BEBD95402151E32500F7CBE1 /* Build configuration list for PBXProject "Shows" */ = {
			isa = XCConfigurationList;
			buildConfigurations = (
				BEBD95632151E32700F7CBE1 /* Debug */,
				BEBD95642151E32700F7CBE1 /* Release */,
			);
			defaultConfigurationIsVisible = 0;
			defaultConfigurationName = Release;
		};
		BEBD95652151E32700F7CBE1 /* Build configuration list for PBXNativeTarget "Shows" */ = {
			isa = XCConfigurationList;
			buildConfigurations = (
				BEBD95662151E32700F7CBE1 /* Debug */,
				BEBD95672151E32700F7CBE1 /* Release */,
			);
			defaultConfigurationIsVisible = 0;
			defaultConfigurationName = Release;
		};
		BEBD95682151E32700F7CBE1 /* Build configuration list for PBXNativeTarget "ShowsTests" */ = {
			isa = XCConfigurationList;
			buildConfigurations = (
				BEBD95692151E32700F7CBE1 /* Debug */,
				BEBD956A2151E32700F7CBE1 /* Release */,
			);
			defaultConfigurationIsVisible = 0;
			defaultConfigurationName = Release;
		};
/* End XCConfigurationList section */
	};
	rootObject = BEBD953D2151E32500F7CBE1 /* Project object */;
}
